
Microsoft Visual Studio Solution File, Format Version 12.00
# Visual Studio 15
VisualStudioVersion = 15.0.26228.4
MinimumVisualStudioVersion = 10.0.40219.1
Project("{FAE04EC0-301F-11D3-BF4B-00C04F79EFBC}") = "SugarSnap.Android", "SugarSnap\SugarSnap.Android\SugarSnap.Android.csproj", "{56C86569-47F5-46E0-9C83-D0C7239AF41B}"
EndProject
Project("{FAE04EC0-301F-11D3-BF4B-00C04F79EFBC}") = "SugarSnap", "SugarSnap\SugarSnap\SugarSnap.csproj", "{E584EBC6-1DEF-4C6B-BA29-94BD6C5A916C}"
EndProject
Project("{FAE04EC0-301F-11D3-BF4B-00C04F79EFBC}") = "SugarSnap.UWP", "SugarSnap\SugarSnap.UWP\SugarSnap.UWP.csproj", "{285A00B5-D402-465B-BB3E-ADAE2E7E17BB}"
EndProject
Project("{FAE04EC0-301F-11D3-BF4B-00C04F79EFBC}") = "SugarSnap.iOS", "SugarSnap\SugarSnap.iOS\SugarSnap.iOS.csproj", "{D2D3D63B-8636-46D4-A883-FC872AA200CF}"
EndProject
Global
	GlobalSection(SolutionConfigurationPlatforms) = preSolution
		Ad-Hoc|Any CPU = Ad-Hoc|Any CPU
		Ad-Hoc|ARM = Ad-Hoc|ARM
		Ad-Hoc|iPhone = Ad-Hoc|iPhone
		Ad-Hoc|iPhoneSimulator = Ad-Hoc|iPhoneSimulator
		Ad-Hoc|x64 = Ad-Hoc|x64
		Ad-Hoc|x86 = Ad-Hoc|x86
		AppStore|Any CPU = AppStore|Any CPU
		AppStore|ARM = AppStore|ARM
		AppStore|iPhone = AppStore|iPhone
		AppStore|iPhoneSimulator = AppStore|iPhoneSimulator
		AppStore|x64 = AppStore|x64
		AppStore|x86 = AppStore|x86
		Debug|Any CPU = Debug|Any CPU
		Debug|ARM = Debug|ARM
		Debug|iPhone = Debug|iPhone
		Debug|iPhoneSimulator = Debug|iPhoneSimulator
		Debug|x64 = Debug|x64
		Debug|x86 = Debug|x86
		Release|Any CPU = Release|Any CPU
		Release|ARM = Release|ARM
		Release|iPhone = Release|iPhone
		Release|iPhoneSimulator = Release|iPhoneSimulator
		Release|x64 = Release|x64
		Release|x86 = Release|x86
	EndGlobalSection
	GlobalSection(ProjectConfigurationPlatforms) = postSolution
		{56C86569-47F5-46E0-9C83-D0C7239AF41B}.Ad-Hoc|Any CPU.ActiveCfg = Release|Any CPU
		{56C86569-47F5-46E0-9C83-D0C7239AF41B}.Ad-Hoc|Any CPU.Build.0 = Release|Any CPU
		{56C86569-47F5-46E0-9C83-D0C7239AF41B}.Ad-Hoc|Any CPU.Deploy.0 = Release|Any CPU
		{56C86569-47F5-46E0-9C83-D0C7239AF41B}.Ad-Hoc|ARM.ActiveCfg = Release|Any CPU
		{56C86569-47F5-46E0-9C83-D0C7239AF41B}.Ad-Hoc|ARM.Build.0 = Release|Any CPU
		{56C86569-47F5-46E0-9C83-D0C7239AF41B}.Ad-Hoc|ARM.Deploy.0 = Release|Any CPU
		{56C86569-47F5-46E0-9C83-D0C7239AF41B}.Ad-Hoc|iPhone.ActiveCfg = Release|Any CPU
		{56C86569-47F5-46E0-9C83-D0C7239AF41B}.Ad-Hoc|iPhone.Build.0 = Release|Any CPU
		{56C86569-47F5-46E0-9C83-D0C7239AF41B}.Ad-Hoc|iPhone.Deploy.0 = Release|Any CPU
		{56C86569-47F5-46E0-9C83-D0C7239AF41B}.Ad-Hoc|iPhoneSimulator.ActiveCfg = Release|Any CPU
		{56C86569-47F5-46E0-9C83-D0C7239AF41B}.Ad-Hoc|iPhoneSimulator.Build.0 = Release|Any CPU
		{56C86569-47F5-46E0-9C83-D0C7239AF41B}.Ad-Hoc|iPhoneSimulator.Deploy.0 = Release|Any CPU
		{56C86569-47F5-46E0-9C83-D0C7239AF41B}.Ad-Hoc|x64.ActiveCfg = Release|Any CPU
		{56C86569-47F5-46E0-9C83-D0C7239AF41B}.Ad-Hoc|x64.Build.0 = Release|Any CPU
		{56C86569-47F5-46E0-9C83-D0C7239AF41B}.Ad-Hoc|x64.Deploy.0 = Release|Any CPU
		{56C86569-47F5-46E0-9C83-D0C7239AF41B}.Ad-Hoc|x86.ActiveCfg = Release|Any CPU
		{56C86569-47F5-46E0-9C83-D0C7239AF41B}.Ad-Hoc|x86.Build.0 = Release|Any CPU
		{56C86569-47F5-46E0-9C83-D0C7239AF41B}.Ad-Hoc|x86.Deploy.0 = Release|Any CPU
		{56C86569-47F5-46E0-9C83-D0C7239AF41B}.AppStore|Any CPU.ActiveCfg = Release|Any CPU
		{56C86569-47F5-46E0-9C83-D0C7239AF41B}.AppStore|Any CPU.Build.0 = Release|Any CPU
		{56C86569-47F5-46E0-9C83-D0C7239AF41B}.AppStore|Any CPU.Deploy.0 = Release|Any CPU
		{56C86569-47F5-46E0-9C83-D0C7239AF41B}.AppStore|ARM.ActiveCfg = Release|Any CPU
		{56C86569-47F5-46E0-9C83-D0C7239AF41B}.AppStore|ARM.Build.0 = Release|Any CPU
		{56C86569-47F5-46E0-9C83-D0C7239AF41B}.AppStore|ARM.Deploy.0 = Release|Any CPU
		{56C86569-47F5-46E0-9C83-D0C7239AF41B}.AppStore|iPhone.ActiveCfg = Release|Any CPU
		{56C86569-47F5-46E0-9C83-D0C7239AF41B}.AppStore|iPhone.Build.0 = Release|Any CPU
		{56C86569-47F5-46E0-9C83-D0C7239AF41B}.AppStore|iPhone.Deploy.0 = Release|Any CPU
		{56C86569-47F5-46E0-9C83-D0C7239AF41B}.AppStore|iPhoneSimulator.ActiveCfg = Release|Any CPU
		{56C86569-47F5-46E0-9C83-D0C7239AF41B}.AppStore|iPhoneSimulator.Build.0 = Release|Any CPU
		{56C86569-47F5-46E0-9C83-D0C7239AF41B}.AppStore|iPhoneSimulator.Deploy.0 = Release|Any CPU
		{56C86569-47F5-46E0-9C83-D0C7239AF41B}.AppStore|x64.ActiveCfg = Release|Any CPU
		{56C86569-47F5-46E0-9C83-D0C7239AF41B}.AppStore|x64.Build.0 = Release|Any CPU
		{56C86569-47F5-46E0-9C83-D0C7239AF41B}.AppStore|x64.Deploy.0 = Release|Any CPU
		{56C86569-47F5-46E0-9C83-D0C7239AF41B}.AppStore|x86.ActiveCfg = Release|Any CPU
		{56C86569-47F5-46E0-9C83-D0C7239AF41B}.AppStore|x86.Build.0 = Release|Any CPU
		{56C86569-47F5-46E0-9C83-D0C7239AF41B}.AppStore|x86.Deploy.0 = Release|Any CPU
		{56C86569-47F5-46E0-9C83-D0C7239AF41B}.Debug|Any CPU.ActiveCfg = Debug|Any CPU
		{56C86569-47F5-46E0-9C83-D0C7239AF41B}.Debug|Any CPU.Build.0 = Debug|Any CPU
		{56C86569-47F5-46E0-9C83-D0C7239AF41B}.Debug|Any CPU.Deploy.0 = Debug|Any CPU
		{56C86569-47F5-46E0-9C83-D0C7239AF41B}.Debug|ARM.ActiveCfg = Debug|Any CPU
		{56C86569-47F5-46E0-9C83-D0C7239AF41B}.Debug|ARM.Build.0 = Debug|Any CPU
		{56C86569-47F5-46E0-9C83-D0C7239AF41B}.Debug|ARM.Deploy.0 = Debug|Any CPU
		{56C86569-47F5-46E0-9C83-D0C7239AF41B}.Debug|iPhone.ActiveCfg = Debug|Any CPU
		{56C86569-47F5-46E0-9C83-D0C7239AF41B}.Debug|iPhone.Build.0 = Debug|Any CPU
		{56C86569-47F5-46E0-9C83-D0C7239AF41B}.Debug|iPhone.Deploy.0 = Debug|Any CPU
		{56C86569-47F5-46E0-9C83-D0C7239AF41B}.Debug|iPhoneSimulator.ActiveCfg = Debug|Any CPU
		{56C86569-47F5-46E0-9C83-D0C7239AF41B}.Debug|iPhoneSimulator.Build.0 = Debug|Any CPU
		{56C86569-47F5-46E0-9C83-D0C7239AF41B}.Debug|iPhoneSimulator.Deploy.0 = Debug|Any CPU
		{56C86569-47F5-46E0-9C83-D0C7239AF41B}.Debug|x64.ActiveCfg = Debug|Any CPU
		{56C86569-47F5-46E0-9C83-D0C7239AF41B}.Debug|x64.Build.0 = Debug|Any CPU
		{56C86569-47F5-46E0-9C83-D0C7239AF41B}.Debug|x64.Deploy.0 = Debug|Any CPU
		{56C86569-47F5-46E0-9C83-D0C7239AF41B}.Debug|x86.ActiveCfg = Debug|Any CPU
		{56C86569-47F5-46E0-9C83-D0C7239AF41B}.Debug|x86.Build.0 = Debug|Any CPU
		{56C86569-47F5-46E0-9C83-D0C7239AF41B}.Debug|x86.Deploy.0 = Debug|Any CPU
		{56C86569-47F5-46E0-9C83-D0C7239AF41B}.Release|Any CPU.ActiveCfg = Release|Any CPU
		{56C86569-47F5-46E0-9C83-D0C7239AF41B}.Release|Any CPU.Build.0 = Release|Any CPU
		{56C86569-47F5-46E0-9C83-D0C7239AF41B}.Release|Any CPU.Deploy.0 = Release|Any CPU
		{56C86569-47F5-46E0-9C83-D0C7239AF41B}.Release|ARM.ActiveCfg = Release|Any CPU
		{56C86569-47F5-46E0-9C83-D0C7239AF41B}.Release|ARM.Build.0 = Release|Any CPU
		{56C86569-47F5-46E0-9C83-D0C7239AF41B}.Release|ARM.Deploy.0 = Release|Any CPU
		{56C86569-47F5-46E0-9C83-D0C7239AF41B}.Release|iPhone.ActiveCfg = Release|Any CPU
		{56C86569-47F5-46E0-9C83-D0C7239AF41B}.Release|iPhone.Build.0 = Release|Any CPU
		{56C86569-47F5-46E0-9C83-D0C7239AF41B}.Release|iPhone.Deploy.0 = Release|Any CPU
		{56C86569-47F5-46E0-9C83-D0C7239AF41B}.Release|iPhoneSimulator.ActiveCfg = Release|Any CPU
		{56C86569-47F5-46E0-9C83-D0C7239AF41B}.Release|iPhoneSimulator.Build.0 = Release|Any CPU
		{56C86569-47F5-46E0-9C83-D0C7239AF41B}.Release|iPhoneSimulator.Deploy.0 = Release|Any CPU
		{56C86569-47F5-46E0-9C83-D0C7239AF41B}.Release|x64.ActiveCfg = Release|Any CPU
		{56C86569-47F5-46E0-9C83-D0C7239AF41B}.Release|x64.Build.0 = Release|Any CPU
		{56C86569-47F5-46E0-9C83-D0C7239AF41B}.Release|x64.Deploy.0 = Release|Any CPU
		{56C86569-47F5-46E0-9C83-D0C7239AF41B}.Release|x86.ActiveCfg = Release|Any CPU
		{56C86569-47F5-46E0-9C83-D0C7239AF41B}.Release|x86.Build.0 = Release|Any CPU
		{56C86569-47F5-46E0-9C83-D0C7239AF41B}.Release|x86.Deploy.0 = Release|Any CPU
		{E584EBC6-1DEF-4C6B-BA29-94BD6C5A916C}.Ad-Hoc|Any CPU.ActiveCfg = Release|Any CPU
		{E584EBC6-1DEF-4C6B-BA29-94BD6C5A916C}.Ad-Hoc|Any CPU.Build.0 = Release|Any CPU
		{E584EBC6-1DEF-4C6B-BA29-94BD6C5A916C}.Ad-Hoc|ARM.ActiveCfg = Release|Any CPU
		{E584EBC6-1DEF-4C6B-BA29-94BD6C5A916C}.Ad-Hoc|ARM.Build.0 = Release|Any CPU
		{E584EBC6-1DEF-4C6B-BA29-94BD6C5A916C}.Ad-Hoc|iPhone.ActiveCfg = Release|Any CPU
		{E584EBC6-1DEF-4C6B-BA29-94BD6C5A916C}.Ad-Hoc|iPhone.Build.0 = Release|Any CPU
		{E584EBC6-1DEF-4C6B-BA29-94BD6C5A916C}.Ad-Hoc|iPhoneSimulator.ActiveCfg = Release|Any CPU
		{E584EBC6-1DEF-4C6B-BA29-94BD6C5A916C}.Ad-Hoc|iPhoneSimulator.Build.0 = Release|Any CPU
		{E584EBC6-1DEF-4C6B-BA29-94BD6C5A916C}.Ad-Hoc|x64.ActiveCfg = Release|Any CPU
		{E584EBC6-1DEF-4C6B-BA29-94BD6C5A916C}.Ad-Hoc|x64.Build.0 = Release|Any CPU
		{E584EBC6-1DEF-4C6B-BA29-94BD6C5A916C}.Ad-Hoc|x86.ActiveCfg = Release|Any CPU
		{E584EBC6-1DEF-4C6B-BA29-94BD6C5A916C}.Ad-Hoc|x86.Build.0 = Release|Any CPU
		{E584EBC6-1DEF-4C6B-BA29-94BD6C5A916C}.AppStore|Any CPU.ActiveCfg = Release|Any CPU
		{E584EBC6-1DEF-4C6B-BA29-94BD6C5A916C}.AppStore|Any CPU.Build.0 = Release|Any CPU
		{E584EBC6-1DEF-4C6B-BA29-94BD6C5A916C}.AppStore|ARM.ActiveCfg = Release|Any CPU
		{E584EBC6-1DEF-4C6B-BA29-94BD6C5A916C}.AppStore|ARM.Build.0 = Release|Any CPU
		{E584EBC6-1DEF-4C6B-BA29-94BD6C5A916C}.AppStore|iPhone.ActiveCfg = Release|Any CPU
		{E584EBC6-1DEF-4C6B-BA29-94BD6C5A916C}.AppStore|iPhone.Build.0 = Release|Any CPU
		{E584EBC6-1DEF-4C6B-BA29-94BD6C5A916C}.AppStore|iPhoneSimulator.ActiveCfg = Release|Any CPU
		{E584EBC6-1DEF-4C6B-BA29-94BD6C5A916C}.AppStore|iPhoneSimulator.Build.0 = Release|Any CPU
		{E584EBC6-1DEF-4C6B-BA29-94BD6C5A916C}.AppStore|x64.ActiveCfg = Release|Any CPU
		{E584EBC6-1DEF-4C6B-BA29-94BD6C5A916C}.AppStore|x64.Build.0 = Release|Any CPU
		{E584EBC6-1DEF-4C6B-BA29-94BD6C5A916C}.AppStore|x86.ActiveCfg = Release|Any CPU
		{E584EBC6-1DEF-4C6B-BA29-94BD6C5A916C}.AppStore|x86.Build.0 = Release|Any CPU
		{E584EBC6-1DEF-4C6B-BA29-94BD6C5A916C}.Debug|Any CPU.ActiveCfg = Debug|Any CPU
		{E584EBC6-1DEF-4C6B-BA29-94BD6C5A916C}.Debug|Any CPU.Build.0 = Debug|Any CPU
		{E584EBC6-1DEF-4C6B-BA29-94BD6C5A916C}.Debug|ARM.ActiveCfg = Debug|Any CPU
		{E584EBC6-1DEF-4C6B-BA29-94BD6C5A916C}.Debug|ARM.Build.0 = Debug|Any CPU
		{E584EBC6-1DEF-4C6B-BA29-94BD6C5A916C}.Debug|iPhone.ActiveCfg = Debug|Any CPU
		{E584EBC6-1DEF-4C6B-BA29-94BD6C5A916C}.Debug|iPhone.Build.0 = Debug|Any CPU
		{E584EBC6-1DEF-4C6B-BA29-94BD6C5A916C}.Debug|iPhoneSimulator.ActiveCfg = Debug|Any CPU
		{E584EBC6-1DEF-4C6B-BA29-94BD6C5A916C}.Debug|iPhoneSimulator.Build.0 = Debug|Any CPU
		{E584EBC6-1DEF-4C6B-BA29-94BD6C5A916C}.Debug|x64.ActiveCfg = Debug|Any CPU
		{E584EBC6-1DEF-4C6B-BA29-94BD6C5A916C}.Debug|x64.Build.0 = Debug|Any CPU
		{E584EBC6-1DEF-4C6B-BA29-94BD6C5A916C}.Debug|x86.ActiveCfg = Debug|Any CPU
		{E584EBC6-1DEF-4C6B-BA29-94BD6C5A916C}.Debug|x86.Build.0 = Debug|Any CPU
		{E584EBC6-1DEF-4C6B-BA29-94BD6C5A916C}.Release|Any CPU.ActiveCfg = Release|Any CPU
		{E584EBC6-1DEF-4C6B-BA29-94BD6C5A916C}.Release|Any CPU.Build.0 = Release|Any CPU
		{E584EBC6-1DEF-4C6B-BA29-94BD6C5A916C}.Release|ARM.ActiveCfg = Release|Any CPU
		{E584EBC6-1DEF-4C6B-BA29-94BD6C5A916C}.Release|ARM.Build.0 = Release|Any CPU
		{E584EBC6-1DEF-4C6B-BA29-94BD6C5A916C}.Release|iPhone.ActiveCfg = Release|Any CPU
		{E584EBC6-1DEF-4C6B-BA29-94BD6C5A916C}.Release|iPhone.Build.0 = Release|Any CPU
		{E584EBC6-1DEF-4C6B-BA29-94BD6C5A916C}.Release|iPhoneSimulator.ActiveCfg = Release|Any CPU
		{E584EBC6-1DEF-4C6B-BA29-94BD6C5A916C}.Release|iPhoneSimulator.Build.0 = Release|Any CPU
		{E584EBC6-1DEF-4C6B-BA29-94BD6C5A916C}.Release|x64.ActiveCfg = Release|Any CPU
		{E584EBC6-1DEF-4C6B-BA29-94BD6C5A916C}.Release|x64.Build.0 = Release|Any CPU
		{E584EBC6-1DEF-4C6B-BA29-94BD6C5A916C}.Release|x86.ActiveCfg = Release|Any CPU
		{E584EBC6-1DEF-4C6B-BA29-94BD6C5A916C}.Release|x86.Build.0 = Release|Any CPU
		{285A00B5-D402-465B-BB3E-ADAE2E7E17BB}.Ad-Hoc|Any CPU.ActiveCfg = Release|x86
		{285A00B5-D402-465B-BB3E-ADAE2E7E17BB}.Ad-Hoc|Any CPU.Build.0 = Release|x86
		{285A00B5-D402-465B-BB3E-ADAE2E7E17BB}.Ad-Hoc|Any CPU.Deploy.0 = Release|x86
		{285A00B5-D402-465B-BB3E-ADAE2E7E17BB}.Ad-Hoc|ARM.ActiveCfg = Release|ARM
		{285A00B5-D402-465B-BB3E-ADAE2E7E17BB}.Ad-Hoc|ARM.Build.0 = Release|ARM
		{285A00B5-D402-465B-BB3E-ADAE2E7E17BB}.Ad-Hoc|ARM.Deploy.0 = Release|ARM
		{285A00B5-D402-465B-BB3E-ADAE2E7E17BB}.Ad-Hoc|iPhone.ActiveCfg = Release|x86
		{285A00B5-D402-465B-BB3E-ADAE2E7E17BB}.Ad-Hoc|iPhone.Build.0 = Release|x86
		{285A00B5-D402-465B-BB3E-ADAE2E7E17BB}.Ad-Hoc|iPhone.Deploy.0 = Release|x86
		{285A00B5-D402-465B-BB3E-ADAE2E7E17BB}.Ad-Hoc|iPhoneSimulator.ActiveCfg = Release|x86
		{285A00B5-D402-465B-BB3E-ADAE2E7E17BB}.Ad-Hoc|iPhoneSimulator.Build.0 = Release|x86
		{285A00B5-D402-465B-BB3E-ADAE2E7E17BB}.Ad-Hoc|iPhoneSimulator.Deploy.0 = Release|x86
		{285A00B5-D402-465B-BB3E-ADAE2E7E17BB}.Ad-Hoc|x64.ActiveCfg = Release|x64
		{285A00B5-D402-465B-BB3E-ADAE2E7E17BB}.Ad-Hoc|x64.Build.0 = Release|x64
		{285A00B5-D402-465B-BB3E-ADAE2E7E17BB}.Ad-Hoc|x64.Deploy.0 = Release|x64
		{285A00B5-D402-465B-BB3E-ADAE2E7E17BB}.Ad-Hoc|x86.ActiveCfg = Release|x86
		{285A00B5-D402-465B-BB3E-ADAE2E7E17BB}.Ad-Hoc|x86.Build.0 = Release|x86
		{285A00B5-D402-465B-BB3E-ADAE2E7E17BB}.Ad-Hoc|x86.Deploy.0 = Release|x86
		{285A00B5-D402-465B-BB3E-ADAE2E7E17BB}.AppStore|Any CPU.ActiveCfg = Release|x86
		{285A00B5-D402-465B-BB3E-ADAE2E7E17BB}.AppStore|Any CPU.Build.0 = Release|x86
		{285A00B5-D402-465B-BB3E-ADAE2E7E17BB}.AppStore|Any CPU.Deploy.0 = Release|x86
		{285A00B5-D402-465B-BB3E-ADAE2E7E17BB}.AppStore|ARM.ActiveCfg = Release|ARM
		{285A00B5-D402-465B-BB3E-ADAE2E7E17BB}.AppStore|ARM.Build.0 = Release|ARM
		{285A00B5-D402-465B-BB3E-ADAE2E7E17BB}.AppStore|ARM.Deploy.0 = Release|ARM
		{285A00B5-D402-465B-BB3E-ADAE2E7E17BB}.AppStore|iPhone.ActiveCfg = Release|x86
		{285A00B5-D402-465B-BB3E-ADAE2E7E17BB}.AppStore|iPhone.Build.0 = Release|x86
		{285A00B5-D402-465B-BB3E-ADAE2E7E17BB}.AppStore|iPhone.Deploy.0 = Release|x86
		{285A00B5-D402-465B-BB3E-ADAE2E7E17BB}.AppStore|iPhoneSimulator.ActiveCfg = Release|x86
		{285A00B5-D402-465B-BB3E-ADAE2E7E17BB}.AppStore|iPhoneSimulator.Build.0 = Release|x86
		{285A00B5-D402-465B-BB3E-ADAE2E7E17BB}.AppStore|iPhoneSimulator.Deploy.0 = Release|x86
		{285A00B5-D402-465B-BB3E-ADAE2E7E17BB}.AppStore|x64.ActiveCfg = Release|x64
		{285A00B5-D402-465B-BB3E-ADAE2E7E17BB}.AppStore|x64.Build.0 = Release|x64
		{285A00B5-D402-465B-BB3E-ADAE2E7E17BB}.AppStore|x64.Deploy.0 = Release|x64
		{285A00B5-D402-465B-BB3E-ADAE2E7E17BB}.AppStore|x86.ActiveCfg = Release|x86
		{285A00B5-D402-465B-BB3E-ADAE2E7E17BB}.AppStore|x86.Build.0 = Release|x86
		{285A00B5-D402-465B-BB3E-ADAE2E7E17BB}.AppStore|x86.Deploy.0 = Release|x86
		{285A00B5-D402-465B-BB3E-ADAE2E7E17BB}.Debug|Any CPU.ActiveCfg = Debug|x86
		{285A00B5-D402-465B-BB3E-ADAE2E7E17BB}.Debug|Any CPU.Build.0 = Debug|x86
		{285A00B5-D402-465B-BB3E-ADAE2E7E17BB}.Debug|Any CPU.Deploy.0 = Debug|x86
		{285A00B5-D402-465B-BB3E-ADAE2E7E17BB}.Debug|ARM.ActiveCfg = Debug|ARM
		{285A00B5-D402-465B-BB3E-ADAE2E7E17BB}.Debug|ARM.Build.0 = Debug|ARM
		{285A00B5-D402-465B-BB3E-ADAE2E7E17BB}.Debug|ARM.Deploy.0 = Debug|ARM
		{285A00B5-D402-465B-BB3E-ADAE2E7E17BB}.Debug|iPhone.ActiveCfg = Debug|x86
		{285A00B5-D402-465B-BB3E-ADAE2E7E17BB}.Debug|iPhoneSimulator.ActiveCfg = Debug|x86
		{285A00B5-D402-465B-BB3E-ADAE2E7E17BB}.Debug|x64.ActiveCfg = Debug|x64
		{285A00B5-D402-465B-BB3E-ADAE2E7E17BB}.Debug|x64.Build.0 = Debug|x64
		{285A00B5-D402-465B-BB3E-ADAE2E7E17BB}.Debug|x64.Deploy.0 = Debug|x64
		{285A00B5-D402-465B-BB3E-ADAE2E7E17BB}.Debug|x86.ActiveCfg = Debug|x86
		{285A00B5-D402-465B-BB3E-ADAE2E7E17BB}.Debug|x86.Build.0 = Debug|x86
		{285A00B5-D402-465B-BB3E-ADAE2E7E17BB}.Debug|x86.Deploy.0 = Debug|x86
		{285A00B5-D402-465B-BB3E-ADAE2E7E17BB}.Release|Any CPU.ActiveCfg = Release|x86
		{285A00B5-D402-465B-BB3E-ADAE2E7E17BB}.Release|ARM.ActiveCfg = Release|ARM
		{285A00B5-D402-465B-BB3E-ADAE2E7E17BB}.Release|ARM.Build.0 = Release|ARM
		{285A00B5-D402-465B-BB3E-ADAE2E7E17BB}.Release|ARM.Deploy.0 = Release|ARM
		{285A00B5-D402-465B-BB3E-ADAE2E7E17BB}.Release|iPhone.ActiveCfg = Release|x86
		{285A00B5-D402-465B-BB3E-ADAE2E7E17BB}.Release|iPhoneSimulator.ActiveCfg = Release|x86
		{285A00B5-D402-465B-BB3E-ADAE2E7E17BB}.Release|x64.ActiveCfg = Release|x64
		{285A00B5-D402-465B-BB3E-ADAE2E7E17BB}.Release|x64.Build.0 = Release|x64
		{285A00B5-D402-465B-BB3E-ADAE2E7E17BB}.Release|x64.Deploy.0 = Release|x64
		{285A00B5-D402-465B-BB3E-ADAE2E7E17BB}.Release|x86.ActiveCfg = Release|x86
		{285A00B5-D402-465B-BB3E-ADAE2E7E17BB}.Release|x86.Build.0 = Release|x86
		{285A00B5-D402-465B-BB3E-ADAE2E7E17BB}.Release|x86.Deploy.0 = Release|x86
		{D2D3D63B-8636-46D4-A883-FC872AA200CF}.Ad-Hoc|Any CPU.ActiveCfg = Ad-Hoc|iPhone
		{D2D3D63B-8636-46D4-A883-FC872AA200CF}.Ad-Hoc|ARM.ActiveCfg = Ad-Hoc|iPhone
		{D2D3D63B-8636-46D4-A883-FC872AA200CF}.Ad-Hoc|iPhone.ActiveCfg = Ad-Hoc|iPhone
		{D2D3D63B-8636-46D4-A883-FC872AA200CF}.Ad-Hoc|iPhone.Build.0 = Ad-Hoc|iPhone
		{D2D3D63B-8636-46D4-A883-FC872AA200CF}.Ad-Hoc|iPhoneSimulator.ActiveCfg = Ad-Hoc|iPhoneSimulator
		{D2D3D63B-8636-46D4-A883-FC872AA200CF}.Ad-Hoc|iPhoneSimulator.Build.0 = Ad-Hoc|iPhoneSimulator
		{D2D3D63B-8636-46D4-A883-FC872AA200CF}.Ad-Hoc|x64.ActiveCfg = Ad-Hoc|iPhone
		{D2D3D63B-8636-46D4-A883-FC872AA200CF}.Ad-Hoc|x86.ActiveCfg = Ad-Hoc|iPhone
		{D2D3D63B-8636-46D4-A883-FC872AA200CF}.AppStore|Any CPU.ActiveCfg = AppStore|iPhone
		{D2D3D63B-8636-46D4-A883-FC872AA200CF}.AppStore|ARM.ActiveCfg = AppStore|iPhone
		{D2D3D63B-8636-46D4-A883-FC872AA200CF}.AppStore|iPhone.ActiveCfg = AppStore|iPhone
		{D2D3D63B-8636-46D4-A883-FC872AA200CF}.AppStore|iPhone.Build.0 = AppStore|iPhone
		{D2D3D63B-8636-46D4-A883-FC872AA200CF}.AppStore|iPhoneSimulator.ActiveCfg = AppStore|iPhoneSimulator
		{D2D3D63B-8636-46D4-A883-FC872AA200CF}.AppStore|iPhoneSimulator.Build.0 = AppStore|iPhoneSimulator
		{D2D3D63B-8636-46D4-A883-FC872AA200CF}.AppStore|x64.ActiveCfg = AppStore|iPhone
		{D2D3D63B-8636-46D4-A883-FC872AA200CF}.AppStore|x86.ActiveCfg = AppStore|iPhone
		{D2D3D63B-8636-46D4-A883-FC872AA200CF}.Debug|Any CPU.ActiveCfg = Debug|iPhone
		{D2D3D63B-8636-46D4-A883-FC872AA200CF}.Debug|ARM.ActiveCfg = Debug|iPhone
		{D2D3D63B-8636-46D4-A883-FC872AA200CF}.Debug|iPhone.ActiveCfg = Debug|iPhone
		{D2D3D63B-8636-46D4-A883-FC872AA200CF}.Debug|iPhone.Build.0 = Debug|iPhone
		{D2D3D63B-8636-46D4-A883-FC872AA200CF}.Debug|iPhoneSimulator.ActiveCfg = Debug|iPhoneSimulator
		{D2D3D63B-8636-46D4-A883-FC872AA200CF}.Debug|iPhoneSimulator.Build.0 = Debug|iPhoneSimulator
		{D2D3D63B-8636-46D4-A883-FC872AA200CF}.Debug|x64.ActiveCfg = Debug|iPhone
		{D2D3D63B-8636-46D4-A883-FC872AA200CF}.Debug|x86.ActiveCfg = Debug|iPhone
		{D2D3D63B-8636-46D4-A883-FC872AA200CF}.Release|Any CPU.ActiveCfg = Release|iPhone
		{D2D3D63B-8636-46D4-A883-FC872AA200CF}.Release|ARM.ActiveCfg = Release|iPhone
		{D2D3D63B-8636-46D4-A883-FC872AA200CF}.Release|iPhone.ActiveCfg = Release|iPhone
		{D2D3D63B-8636-46D4-A883-FC872AA200CF}.Release|iPhone.Build.0 = Release|iPhone
		{D2D3D63B-8636-46D4-A883-FC872AA200CF}.Release|iPhoneSimulator.ActiveCfg = Release|iPhoneSimulator
		{D2D3D63B-8636-46D4-A883-FC872AA200CF}.Release|iPhoneSimulator.Build.0 = Release|iPhoneSimulator
		{D2D3D63B-8636-46D4-A883-FC872AA200CF}.Release|x64.ActiveCfg = Release|iPhone
		{D2D3D63B-8636-46D4-A883-FC872AA200CF}.Release|x86.ActiveCfg = Release|iPhone
	EndGlobalSection
	GlobalSection(SolutionProperties) = preSolution
		HideSolutionNode = FALSE
	EndGlobalSection
EndGlobal
